
Microsoft Visual Studio Solution File, Format Version 12.00
# Visual Studio 14
VisualStudioVersion = 14.0.25420.1
MinimumVisualStudioVersion = 10.0.40219.1
Project("{FAE04EC0-301F-11D3-BF4B-00C04F79EFBC}") = "Crypton.TPLinkPlug", "Crypton.TPLinkPlug\Crypton.TPLinkPlug.csproj", "{B21AF467-6740-435B-97FC-EE8277E47BEA}"
EndProject
Project("{FAE04EC0-301F-11D3-BF4B-00C04F79EFBC}") = "Crypton.TPLinkPlug.GainAdjust", "Crypton.TPLinkPlug.GainAdjust\Crypton.TPLinkPlug.GainAdjust.csproj", "{DC8CAC4C-C874-44B3-BABD-3D92EF43ED74}"
EndProject
Global
	GlobalSection(SolutionConfigurationPlatforms) = preSolution
		Debug|Any CPU = Debug|Any CPU
		Release|Any CPU = Release|Any CPU
	EndGlobalSection
	GlobalSection(ProjectConfigurationPlatforms) = postSolution
		{B21AF467-6740-435B-97FC-EE8277E47BEA}.Debug|Any CPU.ActiveCfg = Debug|Any CPU
		{B21AF467-6740-435B-97FC-EE8277E47BEA}.Debug|Any CPU.Build.0 = Debug|Any CPU
		{B21AF467-6740-435B-97FC-EE8277E47BEA}.Release|Any CPU.ActiveCfg = Release|Any CPU
		{B21AF467-6740-435B-97FC-EE8277E47BEA}.Release|Any CPU.Build.0 = Release|Any CPU
		{DC8CAC4C-C874-44B3-BABD-3D92EF43ED74}.Debug|Any CPU.ActiveCfg = Debug|Any CPU
		{DC8CAC4C-C874-44B3-BABD-3D92EF43ED74}.Debug|Any CPU.Build.0 = Debug|Any CPU
		{DC8CAC4C-C874-44B3-BABD-3D92EF43ED74}.Release|Any CPU.ActiveCfg = Release|Any CPU
		{DC8CAC4C-C874-44B3-BABD-3D92EF43ED74}.Release|Any CPU.Build.0 = Release|Any CPU
	EndGlobalSection
	GlobalSection(SolutionProperties) = preSolution
		HideSolutionNode = FALSE
	EndGlobalSection
EndGlobal
